
Microsoft Visual Studio Solution File, Format Version 9.00
# Visual Studio 2005
Project("{FAE04EC0-301F-11D3-BF4B-00C04F79EFBC}") = "BackupUtility", "BackupUtility\BackupUtility.csproj", "{DCBF3A80-BA6A-4131-A268-EC9FCCED251B}"
EndProject
Project("{FAE04EC0-301F-11D3-BF4B-00C04F79EFBC}") = "Backup", "Backup\Backup.csproj", "{3A4A5858-9016-49C6-8BA6-D17829562B14}"
EndProject
Project("{FAE04EC0-301F-11D3-BF4B-00C04F79EFBC}") = "BackupGUI", "BackupGUI\BackupGUI.csproj", "{0707BA6B-13B3-428A-BC12-B2C3DA817B36}"
EndProject
Project("{54435603-DBB4-11D2-8724-00A0C9A8B90C}") = "BackupUtilitySetup", "BackupUtilitySetup\BackupUtilitySetup.vdproj", "{B1459D57-343B-41A2-BD6C-30DFFFCD9D48}"
EndProject
Global
	GlobalSection(SolutionConfigurationPlatforms) = preSolution
		Debug|Any CPU = Debug|Any CPU
		Release|Any CPU = Release|Any CPU
	EndGlobalSection
	GlobalSection(ProjectConfigurationPlatforms) = postSolution
		{DCBF3A80-BA6A-4131-A268-EC9FCCED251B}.Debug|Any CPU.ActiveCfg = Debug|Any CPU
		{DCBF3A80-BA6A-4131-A268-EC9FCCED251B}.Debug|Any CPU.Build.0 = Debug|Any CPU
		{DCBF3A80-BA6A-4131-A268-EC9FCCED251B}.Release|Any CPU.ActiveCfg = Release|Any CPU
		{DCBF3A80-BA6A-4131-A268-EC9FCCED251B}.Release|Any CPU.Build.0 = Release|Any CPU
		{3A4A5858-9016-49C6-8BA6-D17829562B14}.Debug|Any CPU.ActiveCfg = Debug|Any CPU
		{3A4A5858-9016-49C6-8BA6-D17829562B14}.Debug|Any CPU.Build.0 = Debug|Any CPU
		{3A4A5858-9016-49C6-8BA6-D17829562B14}.Release|Any CPU.ActiveCfg = Release|Any CPU
		{3A4A5858-9016-49C6-8BA6-D17829562B14}.Release|Any CPU.Build.0 = Release|Any CPU
		{0707BA6B-13B3-428A-BC12-B2C3DA817B36}.Debug|Any CPU.ActiveCfg = Debug|Any CPU
		{0707BA6B-13B3-428A-BC12-B2C3DA817B36}.Debug|Any CPU.Build.0 = Debug|Any CPU
		{0707BA6B-13B3-428A-BC12-B2C3DA817B36}.Release|Any CPU.ActiveCfg = Release|Any CPU
		{0707BA6B-13B3-428A-BC12-B2C3DA817B36}.Release|Any CPU.Build.0 = Release|Any CPU
		{B1459D57-343B-41A2-BD6C-30DFFFCD9D48}.Debug|Any CPU.ActiveCfg = Debug
		{B1459D57-343B-41A2-BD6C-30DFFFCD9D48}.Release|Any CPU.ActiveCfg = Release
	EndGlobalSection
	GlobalSection(SolutionProperties) = preSolution
		HideSolutionNode = FALSE
	EndGlobalSection
EndGlobal
